# Written by Kite: the Kite release this site builds with, which kitew
# runs, and where each theme and plugin installed from an index came from.
# Their files are in themes/ and plugins/.
lockfileVersion: 1
kite:
  version: 0.1.10
  checksums: sha256:3e8a7cc2438773765b4bc8155c795f6b5ec616f33981490395889213a97f9726
themes:
  almanac:
    version: 0.1.2
    source: https://cdn.jsdelivr.net/gh/kite-plus/apps@main/index.json
    resolved: https://cdn.jsdelivr.net/gh/kite-plus/apps@theme-almanac-0.1.2/almanac-0.1.2.zip
    checksum: sha256:d741e8ee000fc126687b36b73255e3d04ea7940baf3472de4d17f73db63cf142
    tree: sha256:dc3f8b542ad72b6fcf4293107e5cb51a8bfe2c425f7b866a9637d6edfa34fa1f
